
Microsoft Visual Studio Solution File, Format Version 12.00
# Visual Studio Version 17
VisualStudioVersion = 17.9.34723.18
MinimumVisualStudioVersion = 10.0.40219.1
Project("{FAE04EC0-301F-11D3-BF4B-00C04F79EFBC}") = "4.2", "4.2\4.2.csproj", "{548434F1-9C13-46C3-8FA4-6AC2AA85F8FF}"
EndProject
Global
	GlobalSection(SolutionConfigurationPlatforms) = preSolution
		Debug|Any CPU = Debug|Any CPU
		Release|Any CPU = Release|Any CPU
	EndGlobalSection
	GlobalSection(ProjectConfigurationPlatforms) = postSolution
		{548434F1-9C13-46C3-8FA4-6AC2AA85F8FF}.Debug|Any CPU.ActiveCfg = Debug|Any CPU
		{548434F1-9C13-46C3-8FA4-6AC2AA85F8FF}.Debug|Any CPU.Build.0 = Debug|Any CPU
		{548434F1-9C13-46C3-8FA4-6AC2AA85F8FF}.Release|Any CPU.ActiveCfg = Release|Any CPU
		{548434F1-9C13-46C3-8FA4-6AC2AA85F8FF}.Release|Any CPU.Build.0 = Release|Any CPU
	EndGlobalSection
	GlobalSection(SolutionProperties) = preSolution
		HideSolutionNode = FALSE
	EndGlobalSection
	GlobalSection(ExtensibilityGlobals) = postSolution
		SolutionGuid = {CB3E81A8-1D86-4AA4-AE7A-D4965F0DA497}
	EndGlobalSection
EndGlobal
